
Microsoft Visual Studio Solution File, Format Version 12.00
# Visual Studio 15
VisualStudioVersion = 15.0.28307.852
MinimumVisualStudioVersion = 10.0.40219.1
Project("{FAE04EC0-301F-11D3-BF4B-00C04F79EFBC}") = "Viewer Server", "Viewer Server\Viewer Server.csproj", "{01953894-25A3-4D28-8F71-42FE12D14CA6}"
EndProject
Global
	GlobalSection(SolutionConfigurationPlatforms) = preSolution
		Debug|Any CPU = Debug|Any CPU
		Release|Any CPU = Release|Any CPU
	EndGlobalSection
	GlobalSection(ProjectConfigurationPlatforms) = postSolution
		{01953894-25A3-4D28-8F71-42FE12D14CA6}.Debug|Any CPU.ActiveCfg = Debug|Any CPU
		{01953894-25A3-4D28-8F71-42FE12D14CA6}.Debug|Any CPU.Build.0 = Debug|Any CPU
		{01953894-25A3-4D28-8F71-42FE12D14CA6}.Release|Any CPU.ActiveCfg = Release|Any CPU
		{01953894-25A3-4D28-8F71-42FE12D14CA6}.Release|Any CPU.Build.0 = Release|Any CPU
	EndGlobalSection
	GlobalSection(SolutionProperties) = preSolution
		HideSolutionNode = FALSE
	EndGlobalSection
	GlobalSection(ExtensibilityGlobals) = postSolution
		SolutionGuid = {EC71643D-D958-4FB9-83FE-1C1386B83920}
	EndGlobalSection
EndGlobal
